<?xml version="1.0" encoding="utf-8"?>
<Project ToolsVersion="17.0" xmlns="http://schemas.microsoft.com/developer/msbuild/2003">
  <ItemGroup>
    <ClCompile Include="C:\Users\tahmi\Documents\Work\RESEARCH\FireDrone\ForestFireSim25\src\main.cpp">
      <Filter>Source Files</Filter>
    </ClCompile>
    <ClCompile Include="C:\Users\tahmi\Documents\Work\RESEARCH\FireDrone\ForestFireSim25\src\Surface.cpp">
      <Filter>Source Files</Filter>
    </ClCompile>
    <ClCompile Include="C:\Users\tahmi\Documents\Work\RESEARCH\FireDrone\ForestFireSim25\src\Cell.cpp">
      <Filter>Source Files</Filter>
    </ClCompile>
    <ClCompile Include="C:\Users\tahmi\Documents\Work\RESEARCH\FireDrone\ForestFireSim25\algorithms\Rothermel.cpp">
      <Filter>Source Files</Filter>
    </ClCompile>
  </ItemGroup>
  <ItemGroup>
    <ClInclude Include="C:\Users\tahmi\Documents\Work\RESEARCH\FireDrone\ForestFireSim25\config\fileroutes.hpp">
      <Filter>Header Files</Filter>
    </ClInclude>
    <ClInclude Include="C:\Users\tahmi\Documents\Work\RESEARCH\FireDrone\ForestFireSim25\src\config\ScreenConfig.hpp">
      <Filter>Header Files</Filter>
    </ClInclude>
  </ItemGroup>
  <ItemGroup>
    <CustomBuild Include="C:\Users\tahmi\Documents\Work\RESEARCH\FireDrone\ForestFireSim25\CMakeLists.txt" />
  </ItemGroup>
  <ItemGroup>
    <Filter Include="Header Files">
      <UniqueIdentifier>{5FA832DF-23D9-328A-9091-11DB8A071F56}</UniqueIdentifier>
    </Filter>
    <Filter Include="Source Files">
      <UniqueIdentifier>{079D5626-B9C8-30A7-9C33-9A5521D68043}</UniqueIdentifier>
    </Filter>
  </ItemGroup>
</Project>
